
Microsoft Visual Studio Solution File, Format Version 12.00
# Visual Studio Version 17
VisualStudioVersion = 17.0.31903.59
MinimumVisualStudioVersion = 10.0.40219.1
Project("{2150E333-8FDC-42A3-9474-1A3956D46DE8}") = "0-Infrastructure", "0-Infrastructure", "{890074EC-D5D0-4E98-A88D-C40CF38095AA}"
EndProject
Project("{2150E333-8FDC-42A3-9474-1A3956D46DE8}") = "1-Common Services", "1-Common Services", "{54E433F0-8FA7-4128-980B-E852518991F1}"
EndProject
Project("{2150E333-8FDC-42A3-9474-1A3956D46DE8}") = "2-Logic Services", "2-Logic Services", "{F0677ACF-CE92-4A1C-96A0-445C61A6EE0B}"
EndProject
Project("{2150E333-8FDC-42A3-9474-1A3956D46DE8}") = "3-API", "3-API", "{6E4F78AC-2B50-4A34-9A20-20B25F69D145}"
EndProject
Project("{2150E333-8FDC-42A3-9474-1A3956D46DE8}") = "4-Tool", "4-Tool", "{811A7A75-AC88-4B85-A394-5F24683CED81}"
EndProject
Project("{2150E333-8FDC-42A3-9474-1A3956D46DE8}") = "5-Test", "5-Test", "{AF2FD562-8EDE-4396-AFC3-D23F6636BA55}"
EndProject
Project("{9A19103F-16F7-4668-BE54-9A1E7A4F7556}") = "MicroServer.Infrastructure", "Infrastructure\MicroServer.Infrastructure\MicroServer.Infrastructure.csproj", "{3ABC36A8-D820-4D61-AF7C-CADEC708FA6B}"
EndProject
Project("{9A19103F-16F7-4668-BE54-9A1E7A4F7556}") = "MicroServer.Repository", "Repository\MicroServer.Repository\MicroServer.Repository.csproj", "{949D2CCB-AB97-4165-AE73-8D8F5806E67F}"
EndProject
Project("{9A19103F-16F7-4668-BE54-9A1E7A4F7556}") = "MicroServer.UserService", "Api\MicroServer.UserService\MicroServer.UserService.csproj", "{B91F2119-B7EC-4742-9A3B-1A9CE8F80467}"
EndProject
Project("{2150E333-8FDC-42A3-9474-1A3956D46DE8}") = "NotityApi", "NotityApi", "{BED7FEF7-11C3-4548-9E41-FA98C4A3FF53}"
EndProject
Project("{9A19103F-16F7-4668-BE54-9A1E7A4F7556}") = "MicroServer.NotityApi", "Api\MicroServer.NotityApi\MicroServer.NotityApi.csproj", "{FF8D0458-B343-4D78-ACDC-EB2BA22EFF4D}"
EndProject
Project("{9A19103F-16F7-4668-BE54-9A1E7A4F7556}") = "MicroServer.Kong", "Common\MicroServer.Kong\MicroServer.Kong.csproj", "{FDFE7200-091D-4B17-902B-E6B9C3E24219}"
EndProject
Project("{9A19103F-16F7-4668-BE54-9A1E7A4F7556}") = "MicroServer.CheckWords", "Common\MicroServer.CheckWords\MicroServer.CheckWords.csproj", "{266ABAE4-0EC3-46AC-BCCE-F99192BD177B}"
EndProject
Project("{9A19103F-16F7-4668-BE54-9A1E7A4F7556}") = "MicroServer.Common", "Common\MicroServer.Common\MicroServer.Common.csproj", "{A9696837-2983-4BA9-823B-629F757C1238}"
EndProject
Project("{9A19103F-16F7-4668-BE54-9A1E7A4F7556}") = "XUnitTest", "Test\XUnitTest\XUnitTest.csproj", "{48C0A558-99AB-4AB6-BA71-59F53FB190AA}"
EndProject
Project("{2150E333-8FDC-42A3-9474-1A3956D46DE8}") = "OrganizationApi", "OrganizationApi", "{0937A3FB-3A0F-4A2B-8ED8-000D7752D19D}"
EndProject
Project("{9A19103F-16F7-4668-BE54-9A1E7A4F7556}") = "MicroServer.OrganizationApi", "Api\MicroServer.OrganizationApi\MicroServer.OrganizationApi.csproj", "{5E5E0CB8-E6A0-4D23-8EFC-7E3417372FAB}"
EndProject
Project("{2150E333-8FDC-42A3-9474-1A3956D46DE8}") = "MicroServer.Organization", "MicroServer.Organization", "{38BF61CF-D6F0-44CE-9A38-E90A8ADA891D}"
EndProject
Project("{9A19103F-16F7-4668-BE54-9A1E7A4F7556}") = "MicroServer.Organization.Entities", "Model\MicroServer.Organization.Entities\MicroServer.Organization.Entities.csproj", "{517CE273-BB64-474A-B413-B18B110C0F6E}"
EndProject
Project("{9A19103F-16F7-4668-BE54-9A1E7A4F7556}") = "MicroServer.Organization.Services", "Services\MicroServer.Organization.Services\MicroServer.Organization.Services.csproj", "{78C06F4D-0C11-4A20-B638-CD34668DABAB}"
EndProject
Project("{2150E333-8FDC-42A3-9474-1A3956D46DE8}") = "MediatRApi", "MediatRApi", "{EC1A3575-4E83-41FD-BBAE-138614E1B1A4}"
EndProject
Project("{9A19103F-16F7-4668-BE54-9A1E7A4F7556}") = "MediatRApi", "Api\MediatRApi\MediatRApi.csproj", "{D4CDCA1E-B979-450C-A161-CD3EE397D783}"
EndProject
Project("{2150E333-8FDC-42A3-9474-1A3956D46DE8}") = "Aop", "Aop", "{31096C7C-C9F2-41D0-8013-ED6180882F7A}"
EndProject
Project("{9A19103F-16F7-4668-BE54-9A1E7A4F7556}") = "CoreApi", "Api\CoreApi\CoreApi.csproj", "{593FCF6D-A3CF-4293-90E7-C87A47D8BEA4}"
EndProject
Project("{2150E333-8FDC-42A3-9474-1A3956D46DE8}") = "Mapper", "Mapper", "{D58AA802-0431-4064-B36F-C9B4EC1936E6}"
EndProject
Project("{9A19103F-16F7-4668-BE54-9A1E7A4F7556}") = "MapperApi", "Api\MapperApi\MapperApi.csproj", "{2D068BFD-A8FB-44BC-91B4-E890B3661A5F}"
EndProject
Global
	GlobalSection(SolutionConfigurationPlatforms) = preSolution
		Debug|Any CPU = Debug|Any CPU
		Release|Any CPU = Release|Any CPU
	EndGlobalSection
	GlobalSection(ProjectConfigurationPlatforms) = postSolution
		{3ABC36A8-D820-4D61-AF7C-CADEC708FA6B}.Debug|Any CPU.ActiveCfg = Debug|Any CPU
		{3ABC36A8-D820-4D61-AF7C-CADEC708FA6B}.Debug|Any CPU.Build.0 = Debug|Any CPU
		{3ABC36A8-D820-4D61-AF7C-CADEC708FA6B}.Release|Any CPU.ActiveCfg = Release|Any CPU
		{3ABC36A8-D820-4D61-AF7C-CADEC708FA6B}.Release|Any CPU.Build.0 = Release|Any CPU
		{949D2CCB-AB97-4165-AE73-8D8F5806E67F}.Debug|Any CPU.ActiveCfg = Debug|Any CPU
		{949D2CCB-AB97-4165-AE73-8D8F5806E67F}.Debug|Any CPU.Build.0 = Debug|Any CPU
		{949D2CCB-AB97-4165-AE73-8D8F5806E67F}.Release|Any CPU.ActiveCfg = Release|Any CPU
		{949D2CCB-AB97-4165-AE73-8D8F5806E67F}.Release|Any CPU.Build.0 = Release|Any CPU
		{B91F2119-B7EC-4742-9A3B-1A9CE8F80467}.Debug|Any CPU.ActiveCfg = Debug|Any CPU
		{B91F2119-B7EC-4742-9A3B-1A9CE8F80467}.Debug|Any CPU.Build.0 = Debug|Any CPU
		{B91F2119-B7EC-4742-9A3B-1A9CE8F80467}.Release|Any CPU.ActiveCfg = Release|Any CPU
		{B91F2119-B7EC-4742-9A3B-1A9CE8F80467}.Release|Any CPU.Build.0 = Release|Any CPU
		{FF8D0458-B343-4D78-ACDC-EB2BA22EFF4D}.Debug|Any CPU.ActiveCfg = Debug|Any CPU
		{FF8D0458-B343-4D78-ACDC-EB2BA22EFF4D}.Debug|Any CPU.Build.0 = Debug|Any CPU
		{FF8D0458-B343-4D78-ACDC-EB2BA22EFF4D}.Release|Any CPU.ActiveCfg = Release|Any CPU
		{FF8D0458-B343-4D78-ACDC-EB2BA22EFF4D}.Release|Any CPU.Build.0 = Release|Any CPU
		{FDFE7200-091D-4B17-902B-E6B9C3E24219}.Debug|Any CPU.ActiveCfg = Debug|Any CPU
		{FDFE7200-091D-4B17-902B-E6B9C3E24219}.Debug|Any CPU.Build.0 = Debug|Any CPU
		{FDFE7200-091D-4B17-902B-E6B9C3E24219}.Release|Any CPU.ActiveCfg = Release|Any CPU
		{FDFE7200-091D-4B17-902B-E6B9C3E24219}.Release|Any CPU.Build.0 = Release|Any CPU
		{266ABAE4-0EC3-46AC-BCCE-F99192BD177B}.Debug|Any CPU.ActiveCfg = Debug|Any CPU
		{266ABAE4-0EC3-46AC-BCCE-F99192BD177B}.Debug|Any CPU.Build.0 = Debug|Any CPU
		{266ABAE4-0EC3-46AC-BCCE-F99192BD177B}.Release|Any CPU.ActiveCfg = Release|Any CPU
		{266ABAE4-0EC3-46AC-BCCE-F99192BD177B}.Release|Any CPU.Build.0 = Release|Any CPU
		{A9696837-2983-4BA9-823B-629F757C1238}.Debug|Any CPU.ActiveCfg = Debug|Any CPU
		{A9696837-2983-4BA9-823B-629F757C1238}.Debug|Any CPU.Build.0 = Debug|Any CPU
		{A9696837-2983-4BA9-823B-629F757C1238}.Release|Any CPU.ActiveCfg = Release|Any CPU
		{A9696837-2983-4BA9-823B-629F757C1238}.Release|Any CPU.Build.0 = Release|Any CPU
		{48C0A558-99AB-4AB6-BA71-59F53FB190AA}.Debug|Any CPU.ActiveCfg = Debug|Any CPU
		{48C0A558-99AB-4AB6-BA71-59F53FB190AA}.Debug|Any CPU.Build.0 = Debug|Any CPU
		{48C0A558-99AB-4AB6-BA71-59F53FB190AA}.Release|Any CPU.ActiveCfg = Release|Any CPU
		{48C0A558-99AB-4AB6-BA71-59F53FB190AA}.Release|Any CPU.Build.0 = Release|Any CPU
		{5E5E0CB8-E6A0-4D23-8EFC-7E3417372FAB}.Debug|Any CPU.ActiveCfg = Debug|Any CPU
		{5E5E0CB8-E6A0-4D23-8EFC-7E3417372FAB}.Debug|Any CPU.Build.0 = Debug|Any CPU
		{5E5E0CB8-E6A0-4D23-8EFC-7E3417372FAB}.Release|Any CPU.ActiveCfg = Release|Any CPU
		{5E5E0CB8-E6A0-4D23-8EFC-7E3417372FAB}.Release|Any CPU.Build.0 = Release|Any CPU
		{517CE273-BB64-474A-B413-B18B110C0F6E}.Debug|Any CPU.ActiveCfg = Debug|Any CPU
		{517CE273-BB64-474A-B413-B18B110C0F6E}.Debug|Any CPU.Build.0 = Debug|Any CPU
		{517CE273-BB64-474A-B413-B18B110C0F6E}.Release|Any CPU.ActiveCfg = Release|Any CPU
		{517CE273-BB64-474A-B413-B18B110C0F6E}.Release|Any CPU.Build.0 = Release|Any CPU
		{78C06F4D-0C11-4A20-B638-CD34668DABAB}.Debug|Any CPU.ActiveCfg = Debug|Any CPU
		{78C06F4D-0C11-4A20-B638-CD34668DABAB}.Debug|Any CPU.Build.0 = Debug|Any CPU
		{78C06F4D-0C11-4A20-B638-CD34668DABAB}.Release|Any CPU.ActiveCfg = Release|Any CPU
		{78C06F4D-0C11-4A20-B638-CD34668DABAB}.Release|Any CPU.Build.0 = Release|Any CPU
		{D4CDCA1E-B979-450C-A161-CD3EE397D783}.Debug|Any CPU.ActiveCfg = Debug|Any CPU
		{D4CDCA1E-B979-450C-A161-CD3EE397D783}.Debug|Any CPU.Build.0 = Debug|Any CPU
		{D4CDCA1E-B979-450C-A161-CD3EE397D783}.Release|Any CPU.ActiveCfg = Release|Any CPU
		{D4CDCA1E-B979-450C-A161-CD3EE397D783}.Release|Any CPU.Build.0 = Release|Any CPU
		{593FCF6D-A3CF-4293-90E7-C87A47D8BEA4}.Debug|Any CPU.ActiveCfg = Debug|Any CPU
		{593FCF6D-A3CF-4293-90E7-C87A47D8BEA4}.Debug|Any CPU.Build.0 = Debug|Any CPU
		{593FCF6D-A3CF-4293-90E7-C87A47D8BEA4}.Release|Any CPU.ActiveCfg = Release|Any CPU
		{593FCF6D-A3CF-4293-90E7-C87A47D8BEA4}.Release|Any CPU.Build.0 = Release|Any CPU
		{2D068BFD-A8FB-44BC-91B4-E890B3661A5F}.Debug|Any CPU.ActiveCfg = Debug|Any CPU
		{2D068BFD-A8FB-44BC-91B4-E890B3661A5F}.Debug|Any CPU.Build.0 = Debug|Any CPU
		{2D068BFD-A8FB-44BC-91B4-E890B3661A5F}.Release|Any CPU.ActiveCfg = Release|Any CPU
		{2D068BFD-A8FB-44BC-91B4-E890B3661A5F}.Release|Any CPU.Build.0 = Release|Any CPU
	EndGlobalSection
	GlobalSection(SolutionProperties) = preSolution
		HideSolutionNode = FALSE
	EndGlobalSection
	GlobalSection(NestedProjects) = preSolution
		{3ABC36A8-D820-4D61-AF7C-CADEC708FA6B} = {890074EC-D5D0-4E98-A88D-C40CF38095AA}
		{949D2CCB-AB97-4165-AE73-8D8F5806E67F} = {F0677ACF-CE92-4A1C-96A0-445C61A6EE0B}
		{B91F2119-B7EC-4742-9A3B-1A9CE8F80467} = {6E4F78AC-2B50-4A34-9A20-20B25F69D145}
		{BED7FEF7-11C3-4548-9E41-FA98C4A3FF53} = {6E4F78AC-2B50-4A34-9A20-20B25F69D145}
		{FF8D0458-B343-4D78-ACDC-EB2BA22EFF4D} = {BED7FEF7-11C3-4548-9E41-FA98C4A3FF53}
		{FDFE7200-091D-4B17-902B-E6B9C3E24219} = {54E433F0-8FA7-4128-980B-E852518991F1}
		{266ABAE4-0EC3-46AC-BCCE-F99192BD177B} = {54E433F0-8FA7-4128-980B-E852518991F1}
		{A9696837-2983-4BA9-823B-629F757C1238} = {54E433F0-8FA7-4128-980B-E852518991F1}
		{48C0A558-99AB-4AB6-BA71-59F53FB190AA} = {AF2FD562-8EDE-4396-AFC3-D23F6636BA55}
		{0937A3FB-3A0F-4A2B-8ED8-000D7752D19D} = {6E4F78AC-2B50-4A34-9A20-20B25F69D145}
		{5E5E0CB8-E6A0-4D23-8EFC-7E3417372FAB} = {0937A3FB-3A0F-4A2B-8ED8-000D7752D19D}
		{38BF61CF-D6F0-44CE-9A38-E90A8ADA891D} = {F0677ACF-CE92-4A1C-96A0-445C61A6EE0B}
		{517CE273-BB64-474A-B413-B18B110C0F6E} = {38BF61CF-D6F0-44CE-9A38-E90A8ADA891D}
		{78C06F4D-0C11-4A20-B638-CD34668DABAB} = {38BF61CF-D6F0-44CE-9A38-E90A8ADA891D}
		{EC1A3575-4E83-41FD-BBAE-138614E1B1A4} = {6E4F78AC-2B50-4A34-9A20-20B25F69D145}
		{D4CDCA1E-B979-450C-A161-CD3EE397D783} = {EC1A3575-4E83-41FD-BBAE-138614E1B1A4}
		{31096C7C-C9F2-41D0-8013-ED6180882F7A} = {6E4F78AC-2B50-4A34-9A20-20B25F69D145}
		{593FCF6D-A3CF-4293-90E7-C87A47D8BEA4} = {31096C7C-C9F2-41D0-8013-ED6180882F7A}
		{D58AA802-0431-4064-B36F-C9B4EC1936E6} = {6E4F78AC-2B50-4A34-9A20-20B25F69D145}
		{2D068BFD-A8FB-44BC-91B4-E890B3661A5F} = {D58AA802-0431-4064-B36F-C9B4EC1936E6}
	EndGlobalSection
	GlobalSection(ExtensibilityGlobals) = postSolution
		SolutionGuid = {03164409-C073-47C3-B354-9ADDD4FEF6B3}
	EndGlobalSection
EndGlobal
